
Microsoft Visual Studio Solution File, Format Version 12.00
# Visual Studio 15
VisualStudioVersion = 15.0.27703.2026
MinimumVisualStudioVersion = 10.0.40219.1
Project("{9A19103F-16F7-4668-BE54-9A1E7A4F7556}") = "AspCorePluSight", "AspCorePluSight\AspCorePluSight.csproj", "{1CA58690-69CC-4894-BB8E-68843B45B0E1}"
EndProject
Global
	GlobalSection(SolutionConfigurationPlatforms) = preSolution
		Debug|Any CPU = Debug|Any CPU
		Release|Any CPU = Release|Any CPU
	EndGlobalSection
	GlobalSection(ProjectConfigurationPlatforms) = postSolution
		{1CA58690-69CC-4894-BB8E-68843B45B0E1}.Debug|Any CPU.ActiveCfg = Debug|Any CPU
		{1CA58690-69CC-4894-BB8E-68843B45B0E1}.Debug|Any CPU.Build.0 = Debug|Any CPU
		{1CA58690-69CC-4894-BB8E-68843B45B0E1}.Release|Any CPU.ActiveCfg = Release|Any CPU
		{1CA58690-69CC-4894-BB8E-68843B45B0E1}.Release|Any CPU.Build.0 = Release|Any CPU
	EndGlobalSection
	GlobalSection(SolutionProperties) = preSolution
		HideSolutionNode = FALSE
	EndGlobalSection
	GlobalSection(ExtensibilityGlobals) = postSolution
		SolutionGuid = {B6774C07-B3DB-4FEA-949C-F29D79302B87}
	EndGlobalSection
EndGlobal
